
Microsoft Visual Studio Solution File, Format Version 12.00
# Visual Studio Version 16
VisualStudioVersion = 16.0.29911.84
MinimumVisualStudioVersion = 10.0.40219.1
Project("{FAE04EC0-301F-11D3-BF4B-00C04F79EFBC}") = "WindowsFormsApp1", "WindowsFormsApp1\WindowsFormsApp1.csproj", "{0D6A67E4-E4CE-4C97-A453-5D3D00D9798D}"
EndProject
Global
	GlobalSection(SolutionConfigurationPlatforms) = preSolution
		Debug|Any CPU = Debug|Any CPU
		Release|Any CPU = Release|Any CPU
	EndGlobalSection
	GlobalSection(ProjectConfigurationPlatforms) = postSolution
		{0D6A67E4-E4CE-4C97-A453-5D3D00D9798D}.Debug|Any CPU.ActiveCfg = Debug|Any CPU
		{0D6A67E4-E4CE-4C97-A453-5D3D00D9798D}.Debug|Any CPU.Build.0 = Debug|Any CPU
		{0D6A67E4-E4CE-4C97-A453-5D3D00D9798D}.Release|Any CPU.ActiveCfg = Release|Any CPU
		{0D6A67E4-E4CE-4C97-A453-5D3D00D9798D}.Release|Any CPU.Build.0 = Release|Any CPU
	EndGlobalSection
	GlobalSection(SolutionProperties) = preSolution
		HideSolutionNode = FALSE
	EndGlobalSection
	GlobalSection(ExtensibilityGlobals) = postSolution
		SolutionGuid = {83E5A495-A365-4B6B-8679-DBAE2510699E}
	EndGlobalSection
EndGlobal
